
Microsoft Visual Studio Solution File, Format Version 12.00
# Visual Studio Version 17
VisualStudioVersion = 17.4.33122.133
MinimumVisualStudioVersion = 10.0.40219.1
Project("{9A19103F-16F7-4668-BE54-9A1E7A4F7556}") = "QuestFramework", "QuestFramework\QuestFramework.csproj", "{8AA09067-0EB6-499C-986A-E4942F89F094}"
EndProject
Project("{9A19103F-16F7-4668-BE54-9A1E7A4F7556}") = "QuestFramework.API", "QuestFramework.API\QuestFramework.API.csproj", "{2C5E75AF-ED30-434E-813C-2E8ED9A93075}"
EndProject
Global
	GlobalSection(SolutionConfigurationPlatforms) = preSolution
		Debug|Any CPU = Debug|Any CPU
		Release|Any CPU = Release|Any CPU
	EndGlobalSection
	GlobalSection(ProjectConfigurationPlatforms) = postSolution
		{8AA09067-0EB6-499C-986A-E4942F89F094}.Debug|Any CPU.ActiveCfg = Debug|Any CPU
		{8AA09067-0EB6-499C-986A-E4942F89F094}.Debug|Any CPU.Build.0 = Debug|Any CPU
		{8AA09067-0EB6-499C-986A-E4942F89F094}.Release|Any CPU.ActiveCfg = Release|Any CPU
		{8AA09067-0EB6-499C-986A-E4942F89F094}.Release|Any CPU.Build.0 = Release|Any CPU
		{2C5E75AF-ED30-434E-813C-2E8ED9A93075}.Debug|Any CPU.ActiveCfg = Debug|Any CPU
		{2C5E75AF-ED30-434E-813C-2E8ED9A93075}.Debug|Any CPU.Build.0 = Debug|Any CPU
		{2C5E75AF-ED30-434E-813C-2E8ED9A93075}.Release|Any CPU.ActiveCfg = Release|Any CPU
		{2C5E75AF-ED30-434E-813C-2E8ED9A93075}.Release|Any CPU.Build.0 = Release|Any CPU
	EndGlobalSection
	GlobalSection(SolutionProperties) = preSolution
		HideSolutionNode = FALSE
	EndGlobalSection
	GlobalSection(ExtensibilityGlobals) = postSolution
		SolutionGuid = {C590E178-9537-4D95-A3F1-C171D8CF44BB}
	EndGlobalSection
EndGlobal
